
Microsoft Visual Studio Solution File, Format Version 12.00
# Visual Studio Version 16
VisualStudioVersion = 16.0.31729.503
MinimumVisualStudioVersion = 10.0.40219.1
Project("{9A19103F-16F7-4668-BE54-9A1E7A4F7556}") = "Task_2", "Task_2\Task_2.csproj", "{49468187-198F-493E-B81B-C701E3E2DF00}"
EndProject
Project("{9A19103F-16F7-4668-BE54-9A1E7A4F7556}") = "Task_3", "Task_3\Task_3.csproj", "{868C4D08-51B5-4685-8E24-6A40ADA19ADE}"
EndProject
Project("{FAE04EC0-301F-11D3-BF4B-00C04F79EFBC}") = "Task_4", "Task_4\Task_4.csproj", "{D21C0AAC-CD91-4C4B-A207-C716C576839F}"
EndProject
Global
	GlobalSection(SolutionConfigurationPlatforms) = preSolution
		Debug|Any CPU = Debug|Any CPU
		Release|Any CPU = Release|Any CPU
	EndGlobalSection
	GlobalSection(ProjectConfigurationPlatforms) = postSolution
		{49468187-198F-493E-B81B-C701E3E2DF00}.Debug|Any CPU.ActiveCfg = Debug|Any CPU
		{49468187-198F-493E-B81B-C701E3E2DF00}.Debug|Any CPU.Build.0 = Debug|Any CPU
		{49468187-198F-493E-B81B-C701E3E2DF00}.Release|Any CPU.ActiveCfg = Release|Any CPU
		{49468187-198F-493E-B81B-C701E3E2DF00}.Release|Any CPU.Build.0 = Release|Any CPU
		{868C4D08-51B5-4685-8E24-6A40ADA19ADE}.Debug|Any CPU.ActiveCfg = Debug|Any CPU
		{868C4D08-51B5-4685-8E24-6A40ADA19ADE}.Debug|Any CPU.Build.0 = Debug|Any CPU
		{868C4D08-51B5-4685-8E24-6A40ADA19ADE}.Release|Any CPU.ActiveCfg = Release|Any CPU
		{868C4D08-51B5-4685-8E24-6A40ADA19ADE}.Release|Any CPU.Build.0 = Release|Any CPU
		{D21C0AAC-CD91-4C4B-A207-C716C576839F}.Debug|Any CPU.ActiveCfg = Debug|Any CPU
		{D21C0AAC-CD91-4C4B-A207-C716C576839F}.Debug|Any CPU.Build.0 = Debug|Any CPU
		{D21C0AAC-CD91-4C4B-A207-C716C576839F}.Release|Any CPU.ActiveCfg = Release|Any CPU
		{D21C0AAC-CD91-4C4B-A207-C716C576839F}.Release|Any CPU.Build.0 = Release|Any CPU
	EndGlobalSection
	GlobalSection(SolutionProperties) = preSolution
		HideSolutionNode = FALSE
	EndGlobalSection
	GlobalSection(ExtensibilityGlobals) = postSolution
		SolutionGuid = {54BF9822-8432-4CB4-810F-BA22EDABCD70}
	EndGlobalSection
EndGlobal
